# Fixed Browser dependencies; hashes from release metadata on pypi.org.
playwright==1.63.0 \
    --hash=sha256:1e4a3a838ce22fb68ad17193fcd142a19610d9d70fb9966d2239f5dddc0cc05b \
    --hash=sha256:2f9a707a6c6c91157ed77bff2b8caeb04b3c8d46e70d585fc134298cbe4b5cc6 \
    --hash=sha256:354e15b29503565fc598b89f16fbe070459343bef9d7498a93e304864000c6a7 \
    --hash=sha256:660c00c62639e31b16700ba5456b351ddba55bb766b7ce8261223aa34928e482 \
    --hash=sha256:84c540759e8e7f01e690e197e04060f48899d37cea322299f255843273d3385d \
    --hash=sha256:ad21bc07516b187965a7521c5cf0df0bd657b17482eaad74335272d35a2b07de \
    --hash=sha256:c89fc4736502a1f0fac2c8ca5d10c0cbc1c669f1f4774a2d8507a43140e4d53f \
    --hash=sha256:fd1aa00631d44d55e56e0975bf3f3f285fac4a9fd2813183f0c12a488f1a1b24
greenlet==3.3.2 \
    --hash=sha256:02b0a8682aecd4d3c6c18edf52bc8e51eacdd75c8eac52a790a210b06aa295fd \
    --hash=sha256:18cb1b7337bca281915b3c5d5ae19f4e76d35e1df80f4ad3c1a7be91fadf1082 \
    --hash=sha256:1a9172f5bf6bd88e6ba5a84e0a68afeac9dc7b6b412b245dd64f52d83c81e55b \
    --hash=sha256:1e692b2dae4cc7077cbb11b47d258533b48c8fde69a33d0d8a82e2fe8d8531d5 \
    --hash=sha256:1ebd458fa8285960f382841da585e02201b53a5ec2bac6b156fc623b5ce4499f \
    --hash=sha256:1fb39a11ee2e4d94be9a76671482be9398560955c9e568550de0224e41104727 \
    --hash=sha256:20154044d9085151bc309e7689d6f7ba10027f8f5a8c0676ad398b951913d89e \
    --hash=sha256:2eaf067fc6d886931c7962e8c6bede15d2f01965560f3359b27c80bde2d151f2 \
    --hash=sha256:34308836d8370bddadb41f5a7ce96879b72e2fdfb4e87729330c6ab52376409f \
    --hash=sha256:394ead29063ee3515b4e775216cb756b2e3b4a7e55ae8fd884f17fa579e6b327 \
    --hash=sha256:3ceec72030dae6ac0c8ed7591b96b70410a8be370b6a477b1dbc072856ad02bd \
    --hash=sha256:4375a58e49522698d3e70cc0b801c19433021b5c37686f7ce9c65b0d5c8677d2 \
    --hash=sha256:43e99d1749147ac21dde49b99c9abffcbc1e2d55c67501465ef0930d6e78e070 \
    --hash=sha256:442b6057453c8cb29b4fb36a2ac689382fc71112273726e2423f7f17dc73bf99 \
    --hash=sha256:45abe8eb6339518180d5a7fa47fa01945414d7cca5ecb745346fc6a87d2750be \
    --hash=sha256:4c956a19350e2c37f2c48b336a3afb4bff120b36076d9d7fb68cb44e05d95b79 \
    --hash=sha256:508c7f01f1791fbc8e011bd508f6794cb95397fdb198a46cb6635eb5b78d85a7 \
    --hash=sha256:527fec58dc9f90efd594b9b700662ed3fb2493c2122067ac9c740d98080a620e \
    --hash=sha256:59b3e2c40f6706b05a9cd299c836c6aa2378cabe25d021acd80f13abf81181cf \
    --hash=sha256:5d0e35379f93a6d0222de929a25ab47b5eb35b5ef4721c2b9cbcc4036129ff1f \
    --hash=sha256:63d10328839d1973e5ba35e98cccbca71b232b14051fd957b6f8b6e8e80d0506 \
    --hash=sha256:64970c33a50551c7c50491671265d8954046cb6e8e2999aacdd60e439b70418a \
    --hash=sha256:6c6f8ba97d17a1e7d664151284cb3315fc5f8353e75221ed4324f84eb162b395 \
    --hash=sha256:8b466dff7a4ffda6ca975979bab80bdadde979e29fc947ac3be4451428d8b0e4 \
    --hash=sha256:8c1fdd7d1b309ff0da81d60a9688a8bd044ac4e18b250320a96fc68d31c209ca \
    --hash=sha256:8c4dd0f3997cf2512f7601563cc90dfb8957c0cff1e3a1b23991d4ea1776c492 \
    --hash=sha256:8d1658d7291f9859beed69a776c10822a0a799bc4bfe1bd4272bb60e62507dab \
    --hash=sha256:8e2cd90d413acbf5e77ae41e5d3c9b3ac1d011a756d7284d7f3f2b806bbd6358 \
    --hash=sha256:8e4ab3cfb02993c8cc248ea73d7dae6cec0253e9afa311c9b37e603ca9fad2ce \
    --hash=sha256:94ad81f0fd3c0c0681a018a976e5c2bd2ca2d9d94895f23e7bb1af4e8af4e2d5 \
    --hash=sha256:97245cc10e5515dbc8c3104b2928f7f02b6813002770cfaffaf9a6e0fc2b94ef \
    --hash=sha256:9bc885b89709d901859cf95179ec9f6bb67a3d2bb1f0e88456461bd4b7f8fd0d \
    --hash=sha256:a2a5be83a45ce6188c045bcc44b0ee037d6a518978de9a5d97438548b953a1ac \
    --hash=sha256:a443358b33c4ec7b05b79a7c8b466f5d275025e750298be7340f8fc63dff2a55 \
    --hash=sha256:a7945dd0eab63ded0a48e4dcade82939783c172290a7903ebde9e184333ca124 \
    --hash=sha256:aa6ac98bdfd716a749b84d4034486863fd81c3abde9aa3cf8eff9127981a4ae4 \
    --hash=sha256:ab0c7e7901a00bc0a7284907273dc165b32e0d109a6713babd04471327ff7986 \
    --hash=sha256:ac8d61d4343b799d1e526db579833d72f23759c71e07181c2d2944e429eb09cd \
    --hash=sha256:ad0c8917dd42a819fe77e6bdfcb84e3379c0de956469301d9fd36427a1ca501f \
    --hash=sha256:ae9e21c84035c490506c17002f5c8ab25f980205c3e61ddb3a2a2a2e6c411fcb \
    --hash=sha256:b26b0f4428b871a751968285a1ac9648944cea09807177ac639b030bddebcea4 \
    --hash=sha256:b568183cf65b94919be4438dc28416b234b678c608cafac8874dfeeb2a9bbe13 \
    --hash=sha256:b6997d360a4e6a4e936c0f9625b1c20416b8a0ea18a8e19cabbefc712e7397ab \
    --hash=sha256:b8bddc5b73c9720bea487b3bffdb1840fe4e3656fba3bd40aa1489e9f37877ff \
    --hash=sha256:c04c5e06ec3e022cbfe2cd4a846e1d4e50087444f875ff6d2c2ad8445495cf1a \
    --hash=sha256:c2e47408e8ce1c6f1ceea0dffcdf6ebb85cc09e55c7af407c99f1112016e45e9 \
    --hash=sha256:c56692189a7d1c7606cb794be0a8381470d95c57ce5be03fb3d0ef57c7853b86 \
    --hash=sha256:ccd21bb86944ca9be6d967cf7691e658e43417782bce90b5d2faeda0ff78a7dd \
    --hash=sha256:cd6f9e2bbd46321ba3bbb4c8a15794d32960e3b0ae2cc4d49a1a53d314805d71 \
    --hash=sha256:d248d8c23c67d2291ffd47af766e2a3aa9fa1c6703155c099feb11f526c63a92 \
    --hash=sha256:d3a62fa76a32b462a97198e4c9e99afb9ab375115e74e9a83ce180e7a496f643 \
    --hash=sha256:e26e72bec7ab387ac80caa7496e0f908ff954f31065b0ffc1f8ecb1338b11b54 \
    --hash=sha256:e3cb43ce200f59483eb82949bf1835a99cf43d7571e900d7c8d5c62cdf25d2f9
pyee==13.0.1 \
    --hash=sha256:0b931f7c14535667ed4c7e0d531716368715e860b988770fc7eb8578d1f67fc8 \
    --hash=sha256:af2f8fede4171ef667dfded53f96e2ed0d6e6bd7ee3bb46437f77e3b57689228
